{
  "# Continue to the next step on failure\ncontinue-on-error: true": [
    {
      "file": ".github/workflows/current.yml",
      "lines": [
        89,
        103
      ]
    },
    {
      "file": ".github/workflows/dep-heads.yml",
      "lines": [
        91,
        105
      ]
    },
    {
      "file": ".github/workflows/heads.yml",
      "lines": [
        90,
        104
      ]
    },
    {
      "file": ".github/workflows/truffle.yml",
      "lines": [
        73,
        87
      ]
    }
  ],
  "appraisal: \"current\"\nexec_cmd: \"rake spec\"": [
    {
      "file": ".github/workflows/current.yml",
      "lines": [
        50,
        58
      ]
    }
  ],
  "if: ${{ !env.ACT || (! startsWith(matrix.ruby, 'jruby') && !startsWith(matrix.ruby, 'truffleruby')) }}\nrun: bundle install": [
    {
      "file": ".github/workflows/current.yml",
      "lines": [
        82,
        87
      ]
    },
    {
      "file": ".github/workflows/dep-heads.yml",
      "lines": [
        84,
        89
      ]
    },
    {
      "file": ".github/workflows/heads.yml",
      "lines": [
        83,
        88
      ]
    },
    {
      "file": ".github/workflows/truffle.yml",
      "lines": [
        66,
        71
      ]
    }
  ]
}
