{
  "lib/prism/merge/begin_node_clause_body_support.rb:3804468811": [
    [155, 10, 132, "Style/ArrayIntersect: Use `!merger.send(:build_signature_map, template_body_analysis).keys.intersect?(merger.send(:build_signature_map, dest_body_analysis).keys)` instead of `(merger.send(:build_signature_map, template_body_analysis).keys & merger.send(:build_signature_map, dest_body_analysis).keys).empty?`.", 3478960848]
  ],
  "lib/prism/merge/comment_only_file_merger.rb:3523306815": [
    [67, 31, 16, "Style/RedundantEach: Use `with_object` to remove redundant `each`.", 4071736605]
  ],
  "lib/prism/merge/file_analysis.rb:3124755678": [
    [437, 11, 85, "Style/UnlessLogicalOperators: Do not use mixed logical operators in an `unless`.", 2733621360]
  ],
  "lib/prism/merge/magic_comment_support.rb:837610482": [
    [110, 9, 42, "Style/SafeNavigation: Use safe navigation (`&.`) instead of checking if an object exists before calling the method.", 2019487764]
  ],
  "lib/prism/merge/node_emission_support.rb:4201602581": [
    [372, 23, 24, "Style/SafeNavigation: Use safe navigation (`&.`) instead of checking if an object exists before calling the method.", 1487466207]
  ],
  "lib/prism/merge/top_level_merge_runner.rb:2420706449": [
    [105, 13, 323, "Style/SafeNavigation: Use safe navigation (`&.`) instead of checking if an object exists before calling the method.", 1511090740]
  ],
  "spec/prism/merge/comment_only_file_merger_spec.rb:378474978": [
    [223, 5, 52, "RSpec/LeakyConstantDeclaration: Stub constant instead of declaring explicitly.", 2284973078],
    [225, 5, 214, "RSpec/LeakyConstantDeclaration: Stub class constant instead of declaring explicitly.", 3568363691]
  ],
  "spec/prism/merge/file_analysis_spec.rb:724210983": [
    [503, 13, 27, "RSpec/ContextWording: Context description should match /^when\\b/, /^with\\b/, or /^without\\b/.", 1149632441],
    [518, 15, 21, "RSpec/ContextWording: Context description should match /^when\\b/, /^with\\b/, or /^without\\b/.", 4155622246],
    [529, 15, 25, "RSpec/ContextWording: Context description should match /^when\\b/, /^with\\b/, or /^without\\b/.", 377762023],
    [542, 15, 26, "RSpec/ContextWording: Context description should match /^when\\b/, /^with\\b/, or /^without\\b/.", 382485040]
  ],
  "spec/prism/merge/removal_mode_compliance_spec.rb:3555137094": [
    [3, 1, 40, "RSpec/SpecFilePathFormat: Spec path should end with `prism/merge/smart_merger*_spec.rb`.", 872086095]
  ],
  "spec/prism/merge/template_only_node_ordering_spec.rb:245168214": [
    [3, 1, 40, "RSpec/SpecFilePathFormat: Spec path should end with `prism/merge/smart_merger*_spec.rb`.", 872086095]
  ]
}
